
Microsoft Visual Studio Solution File, Format Version 12.00
# Visual Studio 15
VisualStudioVersion = 15.0.28307.421
MinimumVisualStudioVersion = 10.0.40219.1
Project("{FAE04EC0-301F-11D3-BF4B-00C04F79EFBC}") = "ForzaDashboard", "ForzaDashboard\ForzaDashboard.csproj", "{C9BA6D4D-BBB4-4016-BEEE-003661A0E5A9}"
EndProject
Global
	GlobalSection(SolutionConfigurationPlatforms) = preSolution
		Debug|Any CPU = Debug|Any CPU
		Release|Any CPU = Release|Any CPU
	EndGlobalSection
	GlobalSection(ProjectConfigurationPlatforms) = postSolution
		{C9BA6D4D-BBB4-4016-BEEE-003661A0E5A9}.Debug|Any CPU.ActiveCfg = Debug|Any CPU
		{C9BA6D4D-BBB4-4016-BEEE-003661A0E5A9}.Debug|Any CPU.Build.0 = Debug|Any CPU
		{C9BA6D4D-BBB4-4016-BEEE-003661A0E5A9}.Release|Any CPU.ActiveCfg = Release|Any CPU
		{C9BA6D4D-BBB4-4016-BEEE-003661A0E5A9}.Release|Any CPU.Build.0 = Release|Any CPU
	EndGlobalSection
	GlobalSection(SolutionProperties) = preSolution
		HideSolutionNode = FALSE
	EndGlobalSection
	GlobalSection(ExtensibilityGlobals) = postSolution
		SolutionGuid = {1E698E73-3FDD-4AA0-A7B1-B56A32E31FA1}
	EndGlobalSection
EndGlobal
